// !$*UTF8*$!
{
	archiveVersion = 1;
	classes = {
	};
	objectVersion = 46;
	objects = {

/* Begin PBXBuildFile section */
		D4A162B41D7815CD002BF2DE /* AppDelegate.swift in Sources */ = {isa = PBXBuildFile; fileRef = D4A162B31D7815CD002BF2DE /* AppDelegate.swift */; };
		D4A162D71D781602002BF2DE /* LaunchScreen.storyboard in Resources */ = {isa = PBXBuildFile; fileRef = D4A162D41D781602002BF2DE /* LaunchScreen.storyboard */; };
		D4A162DD1D781628002BF2DE /* Assets.xcassets in Resources */ = {isa = PBXBuildFile; fileRef = D4A162DB1D781628002BF2DE /* Assets.xcassets */; };
		D4A162DE1D781628002BF2DE /* Info.plist in Resources */ = {isa = PBXBuildFile; fileRef = D4A162DC1D781628002BF2DE /* Info.plist */; };
		D4A162E61D78224C002BF2DE /* SimpleExample.swift in Sources */ = {isa = PBXBuildFile; fileRef = D4A162E51D78224C002BF2DE /* SimpleExample.swift */; };
		D4A162E81D782354002BF2DE /* SimplExampleTests.swift in Sources */ = {isa = PBXBuildFile; fileRef = D4A162E71D782354002BF2DE /* SimplExampleTests.swift */; };
		D4A162FC1D782ECD002BF2DE /* Main.storyboard in Resources */ = {isa = PBXBuildFile; fileRef = D4A162FB1D782ECD002BF2DE /* Main.storyboard */; };
		D4AF9CF81D782FD100AC2AE4 /* HomeViewController.swift in Sources */ = {isa = PBXBuildFile; fileRef = D4AF9CF71D782FD100AC2AE4 /* HomeViewController.swift */; };
		D4AF9CFA1D78391100AC2AE4 /* SimpleExampleUITests.swift in Sources */ = {isa = PBXBuildFile; fileRef = D4AF9CF91D78391100AC2AE4 /* SimpleExampleUITests.swift */; };
/* End PBXBuildFile section */

/* Begin PBXContainerItemProxy section */
		D4A162C51D7815CE002BF2DE /* PBXContainerItemProxy */ = {
			isa = PBXContainerItemProxy;
			containerPortal = D4A162A81D7815CD002BF2DE /* Project object */;
			proxyType = 1;
			remoteGlobalIDString = D4A162AF1D7815CD002BF2DE;
			remoteInfo = MastersThesis;
		};
		D4A162F21D782481002BF2DE /* PBXContainerItemProxy */ = {
			isa = PBXContainerItemProxy;
			containerPortal = D4A162A81D7815CD002BF2DE /* Project object */;
			proxyType = 1;
			remoteGlobalIDString = D4A162AF1D7815CD002BF2DE;
			remoteInfo = MastersThesis;
		};
/* End PBXContainerItemProxy section */

/* Begin PBXFileReference section */
		D4A162B01D7815CD002BF2DE /* MastersThesis.app */ = {isa = PBXFileReference; explicitFileType = wrapper.application; includeInIndex = 0; path = MastersThesis.app; sourceTree = BUILT_PRODUCTS_DIR; };
		D4A162B31D7815CD002BF2DE /* AppDelegate.swift */ = {isa = PBXFileReference; lastKnownFileType = sourcecode.swift; path = AppDelegate.swift; sourceTree = "<group>"; };
		D4A162C41D7815CE002BF2DE /* MastersThesisTests.xctest */ = {isa = PBXFileReference; explicitFileType = wrapper.cfbundle; includeInIndex = 0; path = MastersThesisTests.xctest; sourceTree = BUILT_PRODUCTS_DIR; };
		D4A162CA1D7815CE002BF2DE /* Info.plist */ = {isa = PBXFileReference; lastKnownFileType = text.plist.xml; path = Info.plist; sourceTree = "<group>"; };
		D4A162D41D781602002BF2DE /* LaunchScreen.storyboard */ = {isa = PBXFileReference; fileEncoding = 4; lastKnownFileType = file.storyboard; path = LaunchScreen.storyboard; sourceTree = "<group>"; };
		D4A162DB1D781628002BF2DE /* Assets.xcassets */ = {isa = PBXFileReference; lastKnownFileType = folder.assetcatalog; path = Assets.xcassets; sourceTree = "<group>"; };
		D4A162DC1D781628002BF2DE /* Info.plist */ = {isa = PBXFileReference; fileEncoding = 4; lastKnownFileType = text.plist.xml; path = Info.plist; sourceTree = "<group>"; };
		D4A162E51D78224C002BF2DE /* SimpleExample.swift */ = {isa = PBXFileReference; fileEncoding = 4; lastKnownFileType = sourcecode.swift; path = SimpleExample.swift; sourceTree = "<group>"; };
		D4A162E71D782354002BF2DE /* SimplExampleTests.swift */ = {isa = PBXFileReference; fileEncoding = 4; lastKnownFileType = sourcecode.swift; path = SimplExampleTests.swift; sourceTree = "<group>"; };
		D4A162ED1D782481002BF2DE /* MastersThesisUITests.xctest */ = {isa = PBXFileReference; explicitFileType = wrapper.cfbundle; includeInIndex = 0; path = MastersThesisUITests.xctest; sourceTree = BUILT_PRODUCTS_DIR; };
		D4A162F11D782481002BF2DE /* Info.plist */ = {isa = PBXFileReference; lastKnownFileType = text.plist.xml; path = Info.plist; sourceTree = "<group>"; };
		D4A162FB1D782ECD002BF2DE /* Main.storyboard */ = {isa = PBXFileReference; fileEncoding = 4; lastKnownFileType = file.storyboard; path = Main.storyboard; sourceTree = "<group>"; };
		D4AF9CF71D782FD100AC2AE4 /* HomeViewController.swift */ = {isa = PBXFileReference; fileEncoding = 4; lastKnownFileType = sourcecode.swift; path = HomeViewController.swift; sourceTree = "<group>"; };
		D4AF9CF91D78391100AC2AE4 /* SimpleExampleUITests.swift */ = {isa = PBXFileReference; fileEncoding = 4; lastKnownFileType = sourcecode.swift; path = SimpleExampleUITests.swift; sourceTree = "<group>"; };
/* End PBXFileReference section */

/* Begin PBXFrameworksBuildPhase section */
		D4A162AD1D7815CD002BF2DE /* Frameworks */ = {
			isa = PBXFrameworksBuildPhase;
			buildActionMask = 2147483647;
			files = (
			);
			runOnlyForDeploymentPostprocessing = 0;
		};
		D4A162C11D7815CE002BF2DE /* Frameworks */ = {
			isa = PBXFrameworksBuildPhase;
			buildActionMask = 2147483647;
			files = (
			);
			runOnlyForDeploymentPostprocessing = 0;
		};
		D4A162EA1D782481002BF2DE /* Frameworks */ = {
			isa = PBXFrameworksBuildPhase;
			buildActionMask = 2147483647;
			files = (
			);
			runOnlyForDeploymentPostprocessing = 0;
		};
/* End PBXFrameworksBuildPhase section */

/* Begin PBXGroup section */
		D4A162A71D7815CD002BF2DE = {
			isa = PBXGroup;
			children = (
				D4A162B21D7815CD002BF2DE /* MastersThesis */,
				D4A162C71D7815CE002BF2DE /* MastersThesisTests */,
				D4A162EE1D782481002BF2DE /* MastersThesisUITests */,
				D4A162B11D7815CD002BF2DE /* Products */,
			);
			sourceTree = "<group>";
		};
		D4A162B11D7815CD002BF2DE /* Products */ = {
			isa = PBXGroup;
			children = (
				D4A162B01D7815CD002BF2DE /* MastersThesis.app */,
				D4A162C41D7815CE002BF2DE /* MastersThesisTests.xctest */,
				D4A162ED1D782481002BF2DE /* MastersThesisUITests.xctest */,
			);
			name = Products;
			sourceTree = "<group>";
		};
		D4A162B21D7815CD002BF2DE /* MastersThesis */ = {
			isa = PBXGroup;
			children = (
				D4A162B31D7815CD002BF2DE /* AppDelegate.swift */,
				D4A162E41D7821EE002BF2DE /* Example */,
				D4A162DA1D781628002BF2DE /* Resources */,
				D4A162D31D781602002BF2DE /* UserInterface */,
			);
			path = MastersThesis;
			sourceTree = "<group>";
		};
		D4A162C71D7815CE002BF2DE /* MastersThesisTests */ = {
			isa = PBXGroup;
			children = (
				D4A162CA1D7815CE002BF2DE /* Info.plist */,
				D4A162E71D782354002BF2DE /* SimplExampleTests.swift */,
			);
			path = MastersThesisTests;
			sourceTree = "<group>";
		};
		D4A162D31D781602002BF2DE /* UserInterface */ = {
			isa = PBXGroup;
			children = (
				D4A162D41D781602002BF2DE /* LaunchScreen.storyboard */,
				D4A162FB1D782ECD002BF2DE /* Main.storyboard */,
				D4AF9CF71D782FD100AC2AE4 /* HomeViewController.swift */,
			);
			path = UserInterface;
			sourceTree = "<group>";
		};
		D4A162DA1D781628002BF2DE /* Resources */ = {
			isa = PBXGroup;
			children = (
				D4A162DB1D781628002BF2DE /* Assets.xcassets */,
				D4A162DC1D781628002BF2DE /* Info.plist */,
			);
			path = Resources;
			sourceTree = "<group>";
		};
		D4A162E41D7821EE002BF2DE /* Example */ = {
			isa = PBXGroup;
			children = (
				D4A162E51D78224C002BF2DE /* SimpleExample.swift */,
			);
			path = Example;
			sourceTree = "<group>";
		};
		D4A162EE1D782481002BF2DE /* MastersThesisUITests */ = {
			isa = PBXGroup;
			children = (
				D4A162F11D782481002BF2DE /* Info.plist */,
				D4AF9CF91D78391100AC2AE4 /* SimpleExampleUITests.swift */,
			);
			path = MastersThesisUITests;
			sourceTree = "<group>";
		};
/* End PBXGroup section */

/* Begin PBXNativeTarget section */
		D4A162AF1D7815CD002BF2DE /* MastersThesis */ = {
			isa = PBXNativeTarget;
			buildConfigurationList = D4A162CD1D7815CE002BF2DE /* Build configuration list for PBXNativeTarget "MastersThesis" */;
			buildPhases = (
				D4A162AC1D7815CD002BF2DE /* Sources */,
				D4A162AD1D7815CD002BF2DE /* Frameworks */,
				D4A162AE1D7815CD002BF2DE /* Resources */,
			);
			buildRules = (
			);
			dependencies = (
			);
			name = MastersThesis;
			productName = MastersThesis;
			productReference = D4A162B01D7815CD002BF2DE /* MastersThesis.app */;
			productType = "com.apple.product-type.application";
		};
		D4A162C31D7815CE002BF2DE /* MastersThesisTests */ = {
			isa = PBXNativeTarget;
			buildConfigurationList = D4A162D01D7815CE002BF2DE /* Build configuration list for PBXNativeTarget "MastersThesisTests" */;
			buildPhases = (
				D4A162C01D7815CE002BF2DE /* Sources */,
				D4A162C11D7815CE002BF2DE /* Frameworks */,
				D4A162C21D7815CE002BF2DE /* Resources */,
			);
			buildRules = (
			);
			dependencies = (
				D4A162C61D7815CE002BF2DE /* PBXTargetDependency */,
			);
			name = MastersThesisTests;
			productName = MastersThesisTests;
			productReference = D4A162C41D7815CE002BF2DE /* MastersThesisTests.xctest */;
			productType = "com.apple.product-type.bundle.unit-test";
		};
		D4A162EC1D782481002BF2DE /* MastersThesisUITests */ = {
			isa = PBXNativeTarget;
			buildConfigurationList = D4A162F41D782481002BF2DE /* Build configuration list for PBXNativeTarget "MastersThesisUITests" */;
			buildPhases = (
				D4A162E91D782481002BF2DE /* Sources */,
				D4A162EA1D782481002BF2DE /* Frameworks */,
				D4A162EB1D782481002BF2DE /* Resources */,
			);
			buildRules = (
			);
			dependencies = (
				D4A162F31D782481002BF2DE /* PBXTargetDependency */,
			);
			name = MastersThesisUITests;
			productName = MastersThesisUITests;
			productReference = D4A162ED1D782481002BF2DE /* MastersThesisUITests.xctest */;
			productType = "com.apple.product-type.bundle.ui-testing";
		};
/* End PBXNativeTarget section */

/* Begin PBXProject section */
		D4A162A81D7815CD002BF2DE /* Project object */ = {
			isa = PBXProject;
			attributes = {
				LastSwiftUpdateCheck = 0730;
				LastUpgradeCheck = 0730;
				ORGANIZATIONNAME = Bozidar;
				TargetAttributes = {
					D4A162AF1D7815CD002BF2DE = {
						CreatedOnToolsVersion = 7.3.1;
					};
					D4A162C31D7815CE002BF2DE = {
						CreatedOnToolsVersion = 7.3.1;
						TestTargetID = D4A162AF1D7815CD002BF2DE;
					};
					D4A162EC1D782481002BF2DE = {
						CreatedOnToolsVersion = 7.3.1;
						TestTargetID = D4A162AF1D7815CD002BF2DE;
					};
				};
			};
			buildConfigurationList = D4A162AB1D7815CD002BF2DE /* Build configuration list for PBXProject "MastersThesis" */;
			compatibilityVersion = "Xcode 3.2";
			developmentRegion = English;
			hasScannedForEncodings = 0;
			knownRegions = (
				en,
				Base,
			);
			mainGroup = D4A162A71D7815CD002BF2DE;
			productRefGroup = D4A162B11D7815CD002BF2DE /* Products */;
			projectDirPath = "";
			projectRoot = "";
			targets = (
				D4A162AF1D7815CD002BF2DE /* MastersThesis */,
				D4A162C31D7815CE002BF2DE /* MastersThesisTests */,
				D4A162EC1D782481002BF2DE /* MastersThesisUITests */,
			);
		};
/* End PBXProject section */

/* Begin PBXResourcesBuildPhase section */
		D4A162AE1D7815CD002BF2DE /* Resources */ = {
			isa = PBXResourcesBuildPhase;
			buildActionMask = 2147483647;
			files = (
				D4A162D71D781602002BF2DE /* LaunchScreen.storyboard in Resources */,
				D4A162DD1D781628002BF2DE /* Assets.xcassets in Resources */,
				D4A162DE1D781628002BF2DE /* Info.plist in Resources */,
				D4A162FC1D782ECD002BF2DE /* Main.storyboard in Resources */,
			);
			runOnlyForDeploymentPostprocessing = 0;
		};
		D4A162C21D7815CE002BF2DE /* Resources */ = {
			isa = PBXResourcesBuildPhase;
			buildActionMask = 2147483647;
			files = (
			);
			runOnlyForDeploymentPostprocessing = 0;
		};
		D4A162EB1D782481002BF2DE /* Resources */ = {
			isa = PBXResourcesBuildPhase;
			buildActionMask = 2147483647;
			files = (
			);
			runOnlyForDeploymentPostprocessing = 0;
		};
/* End PBXResourcesBuildPhase section */

/* Begin PBXSourcesBuildPhase section */
		D4A162AC1D7815CD002BF2DE /* Sources */ = {
			isa = PBXSourcesBuildPhase;
			buildActionMask = 2147483647;
			files = (
				D4A162E61D78224C002BF2DE /* SimpleExample.swift in Sources */,
				D4A162B41D7815CD002BF2DE /* AppDelegate.swift in Sources */,
				D4AF9CF81D782FD100AC2AE4 /* HomeViewController.swift in Sources */,
			);
			runOnlyForDeploymentPostprocessing = 0;
		};
		D4A162C01D7815CE002BF2DE /* Sources */ = {
			isa = PBXSourcesBuildPhase;
			buildActionMask = 2147483647;
			files = (
				D4A162E81D782354002BF2DE /* SimplExampleTests.swift in Sources */,
			);
			runOnlyForDeploymentPostprocessing = 0;
		};
		D4A162E91D782481002BF2DE /* Sources */ = {
			isa = PBXSourcesBuildPhase;
			buildActionMask = 2147483647;
			files = (
				D4AF9CFA1D78391100AC2AE4 /* SimpleExampleUITests.swift in Sources */,
			);
			runOnlyForDeploymentPostprocessing = 0;
		};
/* End PBXSourcesBuildPhase section */

/* Begin PBXTargetDependency section */
		D4A162C61D7815CE002BF2DE /* PBXTargetDependency */ = {
			isa = PBXTargetDependency;
			target = D4A162AF1D7815CD002BF2DE /* MastersThesis */;
			targetProxy = D4A162C51D7815CE002BF2DE /* PBXContainerItemProxy */;
		};
		D4A162F31D782481002BF2DE /* PBXTargetDependency */ = {
			isa = PBXTargetDependency;
			target = D4A162AF1D7815CD002BF2DE /* MastersThesis */;
			targetProxy = D4A162F21D782481002BF2DE /* PBXContainerItemProxy */;
		};
/* End PBXTargetDependency section */

/* Begin XCBuildConfiguration section */
		D4A162CB1D7815CE002BF2DE /* Debug */ = {
			isa = XCBuildConfiguration;
			buildSettings = {
				ALWAYS_SEARCH_USER_PATHS = NO;
				CLANG_ANALYZER_NONNULL = YES;
				CLANG_CXX_LANGUAGE_STANDARD = "gnu++0x";
				CLANG_CXX_LIBRARY = "libc++";
				CLANG_ENABLE_MODULES = YES;
				CLANG_ENABLE_OBJC_ARC = YES;
				CLANG_WARN_BOOL_CONVERSION = YES;
				CLANG_WARN_CONSTANT_CONVERSION = YES;
				CLANG_WARN_DIRECT_OBJC_ISA_USAGE = YES_ERROR;
				CLANG_WARN_EMPTY_BODY = YES;
				CLANG_WARN_ENUM_CONVERSION = YES;
				CLANG_WARN_INT_CONVERSION = YES;
				CLANG_WARN_OBJC_ROOT_CLASS = YES_ERROR;
				CLANG_WARN_UNREACHABLE_CODE = YES;
				CLANG_WARN__DUPLICATE_METHOD_MATCH = YES;
				"CODE_SIGN_IDENTITY[sdk=iphoneos*]" = "iPhone Developer";
				COPY_PHASE_STRIP = NO;
				DEBUG_INFORMATION_FORMAT = dwarf;
				ENABLE_STRICT_OBJC_MSGSEND = YES;
				ENABLE_TESTABILITY = YES;
				GCC_C_LANGUAGE_STANDARD = gnu99;
				GCC_DYNAMIC_NO_PIC = NO;
				GCC_NO_COMMON_BLOCKS = YES;
				GCC_OPTIMIZATION_LEVEL = 0;
				GCC_PREPROCESSOR_DEFINITIONS = (
					"DEBUG=1",
					"$(inherited)",
				);
				GCC_WARN_64_TO_32_BIT_CONVERSION = YES;
				GCC_WARN_ABOUT_RETURN_TYPE = YES_ERROR;
				GCC_WARN_UNDECLARED_SELECTOR = YES;
				GCC_WARN_UNINITIALIZED_AUTOS = YES_AGGRESSIVE;
				GCC_WARN_UNUSED_FUNCTION = YES;
				GCC_WARN_UNUSED_VARIABLE = YES;
				IPHONEOS_DEPLOYMENT_TARGET = 9.3;
				MTL_ENABLE_DEBUG_INFO = YES;
				ONLY_ACTIVE_ARCH = YES;
				SDKROOT = iphoneos;
				SWIFT_OPTIMIZATION_LEVEL = "-Onone";
				TARGETED_DEVICE_FAMILY = "1,2";
			};
			name = Debug;
		};
		D4A162CC1D7815CE002BF2DE /* Release */ = {
			isa = XCBuildConfiguration;
			buildSettings = {
				ALWAYS_SEARCH_USER_PATHS = NO;
				CLANG_ANALYZER_NONNULL = YES;
				CLANG_CXX_LANGUAGE_STANDARD = "gnu++0x";
				CLANG_CXX_LIBRARY = "libc++";
				CLANG_ENABLE_MODULES = YES;
				CLANG_ENABLE_OBJC_ARC = YES;
				CLANG_WARN_BOOL_CONVERSION = YES;
				CLANG_WARN_CONSTANT_CONVERSION = YES;
				CLANG_WARN_DIRECT_OBJC_ISA_USAGE = YES_ERROR;
				CLANG_WARN_EMPTY_BODY = YES;
				CLANG_WARN_ENUM_CONVERSION = YES;
				CLANG_WARN_INT_CONVERSION = YES;
				CLANG_WARN_OBJC_ROOT_CLASS = YES_ERROR;
				CLANG_WARN_UNREACHABLE_CODE = YES;
				CLANG_WARN__DUPLICATE_METHOD_MATCH = YES;
				"CODE_SIGN_IDENTITY[sdk=iphoneos*]" = "iPhone Developer";
				COPY_PHASE_STRIP = NO;
				DEBUG_INFORMATION_FORMAT = "dwarf-with-dsym";
				ENABLE_NS_ASSERTIONS = NO;
				ENABLE_STRICT_OBJC_MSGSEND = YES;
				GCC_C_LANGUAGE_STANDARD = gnu99;
				GCC_NO_COMMON_BLOCKS = YES;
				GCC_WARN_64_TO_32_BIT_CONVERSION = YES;
				GCC_WARN_ABOUT_RETURN_TYPE = YES_ERROR;
				GCC_WARN_UNDECLARED_SELECTOR = YES;
				GCC_WARN_UNINITIALIZED_AUTOS = YES_AGGRESSIVE;
				GCC_WARN_UNUSED_FUNCTION = YES;
				GCC_WARN_UNUSED_VARIABLE = YES;
				IPHONEOS_DEPLOYMENT_TARGET = 9.3;
				MTL_ENABLE_DEBUG_INFO = NO;
				SDKROOT = iphoneos;
				TARGETED_DEVICE_FAMILY = "1,2";
				VALIDATE_PRODUCT = YES;
			};
			name = Release;
		};
		D4A162CE1D7815CE002BF2DE /* Debug */ = {
			isa = XCBuildConfiguration;
			buildSettings = {
				ASSETCATALOG_COMPILER_APPICON_NAME = AppIcon;
				INFOPLIST_FILE = MastersThesis/Resources/Info.plist;
				LD_RUNPATH_SEARCH_PATHS = "$(inherited) @executable_path/Frameworks";
				PRODUCT_BUNDLE_IDENTIFIER = com.foi.diplomski.MastersThesis;
				PRODUCT_NAME = "$(TARGET_NAME)";
			};
			name = Debug;
		};
		D4A162CF1D7815CE002BF2DE /* Release */ = {
			isa = XCBuildConfiguration;
			buildSettings = {
				ASSETCATALOG_COMPILER_APPICON_NAME = AppIcon;
				INFOPLIST_FILE = MastersThesis/Resources/Info.plist;
				LD_RUNPATH_SEARCH_PATHS = "$(inherited) @executable_path/Frameworks";
				PRODUCT_BUNDLE_IDENTIFIER = com.foi.diplomski.MastersThesis;
				PRODUCT_NAME = "$(TARGET_NAME)";
			};
			name = Release;
		};
		D4A162D11D7815CE002BF2DE /* Debug */ = {
			isa = XCBuildConfiguration;
			buildSettings = {
				BUNDLE_LOADER = "$(TEST_HOST)";
				CLANG_ENABLE_MODULES = YES;
				INFOPLIST_FILE = MastersThesisTests/Info.plist;
				LD_RUNPATH_SEARCH_PATHS = "$(inherited) @executable_path/Frameworks @loader_path/Frameworks";
				PRODUCT_BUNDLE_IDENTIFIER = com.foi.diplomski.MastersThesisTests;
				PRODUCT_NAME = "$(TARGET_NAME)";
				SWIFT_OPTIMIZATION_LEVEL = "-Onone";
				TEST_HOST = "$(BUILT_PRODUCTS_DIR)/MastersThesis.app/MastersThesis";
			};
			name = Debug;
		};
		D4A162D21D7815CE002BF2DE /* Release */ = {
			isa = XCBuildConfiguration;
			buildSettings = {
				BUNDLE_LOADER = "$(TEST_HOST)";
				CLANG_ENABLE_MODULES = YES;
				INFOPLIST_FILE = MastersThesisTests/Info.plist;
				LD_RUNPATH_SEARCH_PATHS = "$(inherited) @executable_path/Frameworks @loader_path/Frameworks";
				PRODUCT_BUNDLE_IDENTIFIER = com.foi.diplomski.MastersThesisTests;
				PRODUCT_NAME = "$(TARGET_NAME)";
				TEST_HOST = "$(BUILT_PRODUCTS_DIR)/MastersThesis.app/MastersThesis";
			};
			name = Release;
		};
		D4A162F51D782481002BF2DE /* Debug */ = {
			isa = XCBuildConfiguration;
			buildSettings = {
				CLANG_ENABLE_MODULES = YES;
				INFOPLIST_FILE = MastersThesisUITests/Info.plist;
				LD_RUNPATH_SEARCH_PATHS = "$(inherited) @executable_path/Frameworks @loader_path/Frameworks";
				PRODUCT_BUNDLE_IDENTIFIER = com.foi.diplomski.MastersThesisUITests;
				PRODUCT_NAME = "$(TARGET_NAME)";
				SWIFT_OPTIMIZATION_LEVEL = "-Onone";
				TEST_TARGET_NAME = MastersThesis;
			};
			name = Debug;
		};
		D4A162F61D782481002BF2DE /* Release */ = {
			isa = XCBuildConfiguration;
			buildSettings = {
				CLANG_ENABLE_MODULES = YES;
				INFOPLIST_FILE = MastersThesisUITests/Info.plist;
				LD_RUNPATH_SEARCH_PATHS = "$(inherited) @executable_path/Frameworks @loader_path/Frameworks";
				PRODUCT_BUNDLE_IDENTIFIER = com.foi.diplomski.MastersThesisUITests;
				PRODUCT_NAME = "$(TARGET_NAME)";
				TEST_TARGET_NAME = MastersThesis;
			};
			name = Release;
		};
/* End XCBuildConfiguration section */

/* Begin XCConfigurationList section */
		D4A162AB1D7815CD002BF2DE /* Build configuration list for PBXProject "MastersThesis" */ = {
			isa = XCConfigurationList;
			buildConfigurations = (
				D4A162CB1D7815CE002BF2DE /* Debug */,
				D4A162CC1D7815CE002BF2DE /* Release */,
			);
			defaultConfigurationIsVisible = 0;
			defaultConfigurationName = Release;
		};
		D4A162CD1D7815CE002BF2DE /* Build configuration list for PBXNativeTarget "MastersThesis" */ = {
			isa = XCConfigurationList;
			buildConfigurations = (
				D4A162CE1D7815CE002BF2DE /* Debug */,
				D4A162CF1D7815CE002BF2DE /* Release */,
			);
			defaultConfigurationIsVisible = 0;
			defaultConfigurationName = Release;
		};
		D4A162D01D7815CE002BF2DE /* Build configuration list for PBXNativeTarget "MastersThesisTests" */ = {
			isa = XCConfigurationList;
			buildConfigurations = (
				D4A162D11D7815CE002BF2DE /* Debug */,
				D4A162D21D7815CE002BF2DE /* Release */,
			);
			defaultConfigurationIsVisible = 0;
			defaultConfigurationName = Release;
		};
		D4A162F41D782481002BF2DE /* Build configuration list for PBXNativeTarget "MastersThesisUITests" */ = {
			isa = XCConfigurationList;
			buildConfigurations = (
				D4A162F51D782481002BF2DE /* Debug */,
				D4A162F61D782481002BF2DE /* Release */,
			);
			defaultConfigurationIsVisible = 0;
			defaultConfigurationName = Release;
		};
/* End XCConfigurationList section */
	};
	rootObject = D4A162A81D7815CD002BF2DE /* Project object */;
}
